
Microsoft Visual Studio Solution File, Format Version 12.00
# Visual Studio Version 17
VisualStudioVersion = 17.9.34728.123
MinimumVisualStudioVersion = 10.0.40219.1
Project("{9A19103F-16F7-4668-BE54-9A1E7A4F7556}") = "BulkBuy.Api", "BulkBuy.Web\BulkBuy.Api.csproj", "{004D0676-65E2-4668-B66D-C600871DD63E}"
EndProject
Project("{2150E333-8FDC-42A3-9474-1A3956D46DE8}") = "Solution Items", "Solution Items", "{A7321A21-9A3C-444C-A8CD-DE372A975972}"
	ProjectSection(SolutionItems) = preProject
		.editorconfig = .editorconfig
	EndProjectSection
EndProject
Project("{FAE04EC0-301F-11D3-BF4B-00C04F79EFBC}") = "BulkBuy.Application", "BulkBuy.Application\BulkBuy.Application.csproj", "{34AEAFBE-36D1-4BE4-8349-7FB55560CC92}"
EndProject
Project("{FAE04EC0-301F-11D3-BF4B-00C04F79EFBC}") = "BulkBuy.Contracts", "BulkBuy.Contracts\BulkBuy.Contracts.csproj", "{BFB8D699-0397-4DD9-88E1-AC43F1DD4ADE}"
EndProject
Project("{FAE04EC0-301F-11D3-BF4B-00C04F79EFBC}") = "BulkBuy.Domain", "BulkBuy.Domain\BulkBuy.Domain.csproj", "{8CB2280A-DF7E-461F-9F85-A1A36688F835}"
EndProject
Project("{FAE04EC0-301F-11D3-BF4B-00C04F79EFBC}") = "BulkBuy.Infrastructure", "BulkBuy.Infrastructure\BulkBuy.Infrastructure.csproj", "{ECA860DA-ED73-47FD-8303-DFFB059AF751}"
EndProject
Global
	GlobalSection(SolutionConfigurationPlatforms) = preSolution
		Debug|Any CPU = Debug|Any CPU
		Release|Any CPU = Release|Any CPU
	EndGlobalSection
	GlobalSection(ProjectConfigurationPlatforms) = postSolution
		{004D0676-65E2-4668-B66D-C600871DD63E}.Debug|Any CPU.ActiveCfg = Debug|Any CPU
		{004D0676-65E2-4668-B66D-C600871DD63E}.Debug|Any CPU.Build.0 = Debug|Any CPU
		{004D0676-65E2-4668-B66D-C600871DD63E}.Release|Any CPU.ActiveCfg = Release|Any CPU
		{004D0676-65E2-4668-B66D-C600871DD63E}.Release|Any CPU.Build.0 = Release|Any CPU
		{34AEAFBE-36D1-4BE4-8349-7FB55560CC92}.Debug|Any CPU.ActiveCfg = Debug|Any CPU
		{34AEAFBE-36D1-4BE4-8349-7FB55560CC92}.Debug|Any CPU.Build.0 = Debug|Any CPU
		{34AEAFBE-36D1-4BE4-8349-7FB55560CC92}.Release|Any CPU.ActiveCfg = Release|Any CPU
		{34AEAFBE-36D1-4BE4-8349-7FB55560CC92}.Release|Any CPU.Build.0 = Release|Any CPU
		{BFB8D699-0397-4DD9-88E1-AC43F1DD4ADE}.Debug|Any CPU.ActiveCfg = Debug|Any CPU
		{BFB8D699-0397-4DD9-88E1-AC43F1DD4ADE}.Debug|Any CPU.Build.0 = Debug|Any CPU
		{BFB8D699-0397-4DD9-88E1-AC43F1DD4ADE}.Release|Any CPU.ActiveCfg = Release|Any CPU
		{BFB8D699-0397-4DD9-88E1-AC43F1DD4ADE}.Release|Any CPU.Build.0 = Release|Any CPU
		{8CB2280A-DF7E-461F-9F85-A1A36688F835}.Debug|Any CPU.ActiveCfg = Debug|Any CPU
		{8CB2280A-DF7E-461F-9F85-A1A36688F835}.Debug|Any CPU.Build.0 = Debug|Any CPU
		{8CB2280A-DF7E-461F-9F85-A1A36688F835}.Release|Any CPU.ActiveCfg = Release|Any CPU
		{8CB2280A-DF7E-461F-9F85-A1A36688F835}.Release|Any CPU.Build.0 = Release|Any CPU
		{ECA860DA-ED73-47FD-8303-DFFB059AF751}.Debug|Any CPU.ActiveCfg = Debug|Any CPU
		{ECA860DA-ED73-47FD-8303-DFFB059AF751}.Debug|Any CPU.Build.0 = Debug|Any CPU
		{ECA860DA-ED73-47FD-8303-DFFB059AF751}.Release|Any CPU.ActiveCfg = Release|Any CPU
		{ECA860DA-ED73-47FD-8303-DFFB059AF751}.Release|Any CPU.Build.0 = Release|Any CPU
	EndGlobalSection
	GlobalSection(SolutionProperties) = preSolution
		HideSolutionNode = FALSE
	EndGlobalSection
	GlobalSection(ExtensibilityGlobals) = postSolution
		SolutionGuid = {3F9FAB29-F06C-403C-B1A9-5B3127962317}
	EndGlobalSection
EndGlobal
